
Microsoft Visual Studio Solution File, Format Version 12.00
# Visual Studio 15
Project("{FAE04EC0-301F-11D3-BF4B-00C04F79EFBC}") = "Assembly-CSharp", "Assembly-CSharp.csproj", "{6E9ADDD7-DB2A-CC2D-E625-D1BB34FDAB68}"
EndProject
Project("{FAE04EC0-301F-11D3-BF4B-00C04F79EFBC}") = "Oculus.VR", "Oculus.VR.csproj", "{F40BE2FB-031A-DCB4-3704-C96BEA78BC81}"
EndProject
Project("{FAE04EC0-301F-11D3-BF4B-00C04F79EFBC}") = "Assembly-CSharp-firstpass", "Assembly-CSharp-firstpass.csproj", "{0208A073-A32B-96F4-FEFB-34E7FBE46E22}"
EndProject
Project("{FAE04EC0-301F-11D3-BF4B-00C04F79EFBC}") = "Assembly-CSharp-Editor-firstpass", "Assembly-CSharp-Editor-firstpass.csproj", "{4F441552-D412-94F7-D2B6-4A094353E606}"
EndProject
Project("{FAE04EC0-301F-11D3-BF4B-00C04F79EFBC}") = "Oculus.VR.Scripts.Editor", "Oculus.VR.Scripts.Editor.csproj", "{76132A7E-6344-02B0-D87B-9183D5490710}"
EndProject
Project("{FAE04EC0-301F-11D3-BF4B-00C04F79EFBC}") = "Oculus.VR.Editor", "Oculus.VR.Editor.csproj", "{141FB15A-7764-6A41-4AD1-BD1F5AABF360}"
EndProject
Global
	GlobalSection(SolutionConfigurationPlatforms) = preSolution
		Debug|Any CPU = Debug|Any CPU
		Release|Any CPU = Release|Any CPU
	EndGlobalSection
	GlobalSection(ProjectConfigurationPlatforms) = postSolution
		{6E9ADDD7-DB2A-CC2D-E625-D1BB34FDAB68}.Debug|Any CPU.ActiveCfg = Debug|Any CPU
		{6E9ADDD7-DB2A-CC2D-E625-D1BB34FDAB68}.Debug|Any CPU.Build.0 = Debug|Any CPU
		{6E9ADDD7-DB2A-CC2D-E625-D1BB34FDAB68}.Release|Any CPU.ActiveCfg = Release|Any CPU
		{6E9ADDD7-DB2A-CC2D-E625-D1BB34FDAB68}.Release|Any CPU.Build.0 = Release|Any CPU
		{F40BE2FB-031A-DCB4-3704-C96BEA78BC81}.Debug|Any CPU.ActiveCfg = Debug|Any CPU
		{F40BE2FB-031A-DCB4-3704-C96BEA78BC81}.Debug|Any CPU.Build.0 = Debug|Any CPU
		{F40BE2FB-031A-DCB4-3704-C96BEA78BC81}.Release|Any CPU.ActiveCfg = Release|Any CPU
		{F40BE2FB-031A-DCB4-3704-C96BEA78BC81}.Release|Any CPU.Build.0 = Release|Any CPU
		{0208A073-A32B-96F4-FEFB-34E7FBE46E22}.Debug|Any CPU.ActiveCfg = Debug|Any CPU
		{0208A073-A32B-96F4-FEFB-34E7FBE46E22}.Debug|Any CPU.Build.0 = Debug|Any CPU
		{0208A073-A32B-96F4-FEFB-34E7FBE46E22}.Release|Any CPU.ActiveCfg = Release|Any CPU
		{0208A073-A32B-96F4-FEFB-34E7FBE46E22}.Release|Any CPU.Build.0 = Release|Any CPU
		{4F441552-D412-94F7-D2B6-4A094353E606}.Debug|Any CPU.ActiveCfg = Debug|Any CPU
		{4F441552-D412-94F7-D2B6-4A094353E606}.Debug|Any CPU.Build.0 = Debug|Any CPU
		{4F441552-D412-94F7-D2B6-4A094353E606}.Release|Any CPU.ActiveCfg = Release|Any CPU
		{4F441552-D412-94F7-D2B6-4A094353E606}.Release|Any CPU.Build.0 = Release|Any CPU
		{76132A7E-6344-02B0-D87B-9183D5490710}.Debug|Any CPU.ActiveCfg = Debug|Any CPU
		{76132A7E-6344-02B0-D87B-9183D5490710}.Debug|Any CPU.Build.0 = Debug|Any CPU
		{76132A7E-6344-02B0-D87B-9183D5490710}.Release|Any CPU.ActiveCfg = Release|Any CPU
		{76132A7E-6344-02B0-D87B-9183D5490710}.Release|Any CPU.Build.0 = Release|Any CPU
		{141FB15A-7764-6A41-4AD1-BD1F5AABF360}.Debug|Any CPU.ActiveCfg = Debug|Any CPU
		{141FB15A-7764-6A41-4AD1-BD1F5AABF360}.Debug|Any CPU.Build.0 = Debug|Any CPU
		{141FB15A-7764-6A41-4AD1-BD1F5AABF360}.Release|Any CPU.ActiveCfg = Release|Any CPU
		{141FB15A-7764-6A41-4AD1-BD1F5AABF360}.Release|Any CPU.Build.0 = Release|Any CPU
	EndGlobalSection
	GlobalSection(SolutionProperties) = preSolution
		HideSolutionNode = FALSE
	EndGlobalSection
EndGlobal
